// !$*UTF8*$!
{
	archiveVersion = 1;
	classes = {
	};
	objectVersion = 51;
	objects = {

/* Begin PBXBuildFile section */
		59EEDBD5C3774DAA7A9077C9 /* Pods_ProvaGlobalChat.framework in Frameworks */ = {isa = PBXBuildFile; fileRef = 078ED3297FBB468E9BFE3256 /* Pods_ProvaGlobalChat.framework */; };
		D190180E259DDEC500A34979 /* ProvaGlobalChatApp.swift in Sources */ = {isa = PBXBuildFile; fileRef = D190180D259DDEC500A34979 /* ProvaGlobalChatApp.swift */; };
		D1901810259DDEC500A34979 /* ContentView.swift in Sources */ = {isa = PBXBuildFile; fileRef = D190180F259DDEC500A34979 /* ContentView.swift */; };
		D1901812259DDEC700A34979 /* Assets.xcassets in Resources */ = {isa = PBXBuildFile; fileRef = D1901811259DDEC700A34979 /* Assets.xcassets */; };
		D1901815259DDEC700A34979 /* Preview Assets.xcassets in Resources */ = {isa = PBXBuildFile; fileRef = D1901814259DDEC700A34979 /* Preview Assets.xcassets */; };
		D190181E259DDF5200A34979 /* GoogleService-Info.plist in Resources */ = {isa = PBXBuildFile; fileRef = D190181D259DDF5200A34979 /* GoogleService-Info.plist */; };
		D1901836259DE0B000A34979 /* Home.swift in Sources */ = {isa = PBXBuildFile; fileRef = D1901835259DE0B000A34979 /* Home.swift */; };
		D1901839259DE19000A34979 /* HomeModel.swift in Sources */ = {isa = PBXBuildFile; fileRef = D1901838259DE19000A34979 /* HomeModel.swift */; };
		D190183C259DE1D100A34979 /* MsgModel.swift in Sources */ = {isa = PBXBuildFile; fileRef = D190183B259DE1D100A34979 /* MsgModel.swift */; };
		D1901850259DEA5D00A34979 /* ChatViewRow.swift in Sources */ = {isa = PBXBuildFile; fileRef = D190184F259DEA5D00A34979 /* ChatViewRow.swift */; };
		D1901853259DEBDF00A34979 /* NickName.swift in Sources */ = {isa = PBXBuildFile; fileRef = D1901852259DEBDF00A34979 /* NickName.swift */; };
		D1901856259DEF3A00A34979 /* ChatBubble.swift in Sources */ = {isa = PBXBuildFile; fileRef = D1901855259DEF3A00A34979 /* ChatBubble.swift */; };
/* End PBXBuildFile section */

/* Begin PBXFileReference section */
		078ED3297FBB468E9BFE3256 /* Pods_ProvaGlobalChat.framework */ = {isa = PBXFileReference; explicitFileType = wrapper.framework; includeInIndex = 0; path = Pods_ProvaGlobalChat.framework; sourceTree = BUILT_PRODUCTS_DIR; };
		316D8E5B9FFA1D4192A7AB27 /* Pods-ProvaGlobalChat.release.xcconfig */ = {isa = PBXFileReference; includeInIndex = 1; lastKnownFileType = text.xcconfig; name = "Pods-ProvaGlobalChat.release.xcconfig"; path = "Target Support Files/Pods-ProvaGlobalChat/Pods-ProvaGlobalChat.release.xcconfig"; sourceTree = "<group>"; };
		9020C94602BF9C57CF1994FB /* Pods-ProvaGlobalChat.debug.xcconfig */ = {isa = PBXFileReference; includeInIndex = 1; lastKnownFileType = text.xcconfig; name = "Pods-ProvaGlobalChat.debug.xcconfig"; path = "Target Support Files/Pods-ProvaGlobalChat/Pods-ProvaGlobalChat.debug.xcconfig"; sourceTree = "<group>"; };
		D190180A259DDEC500A34979 /* ProvaGlobalChat.app */ = {isa = PBXFileReference; explicitFileType = wrapper.application; includeInIndex = 0; path = ProvaGlobalChat.app; sourceTree = BUILT_PRODUCTS_DIR; };
		D190180D259DDEC500A34979 /* ProvaGlobalChatApp.swift */ = {isa = PBXFileReference; lastKnownFileType = sourcecode.swift; path = ProvaGlobalChatApp.swift; sourceTree = "<group>"; };
		D190180F259DDEC500A34979 /* ContentView.swift */ = {isa = PBXFileReference; lastKnownFileType = sourcecode.swift; path = ContentView.swift; sourceTree = "<group>"; };
		D1901811259DDEC700A34979 /* Assets.xcassets */ = {isa = PBXFileReference; lastKnownFileType = folder.assetcatalog; path = Assets.xcassets; sourceTree = "<group>"; };
		D1901814259DDEC700A34979 /* Preview Assets.xcassets */ = {isa = PBXFileReference; lastKnownFileType = folder.assetcatalog; path = "Preview Assets.xcassets"; sourceTree = "<group>"; };
		D1901816259DDEC700A34979 /* Info.plist */ = {isa = PBXFileReference; lastKnownFileType = text.plist.xml; path = Info.plist; sourceTree = "<group>"; };
		D190181D259DDF5200A34979 /* GoogleService-Info.plist */ = {isa = PBXFileReference; fileEncoding = 4; lastKnownFileType = text.plist.xml; path = "GoogleService-Info.plist"; sourceTree = "<group>"; };
		D1901835259DE0B000A34979 /* Home.swift */ = {isa = PBXFileReference; lastKnownFileType = sourcecode.swift; path = Home.swift; sourceTree = "<group>"; };
		D1901838259DE19000A34979 /* HomeModel.swift */ = {isa = PBXFileReference; lastKnownFileType = sourcecode.swift; path = HomeModel.swift; sourceTree = "<group>"; };
		D190183B259DE1D100A34979 /* MsgModel.swift */ = {isa = PBXFileReference; lastKnownFileType = sourcecode.swift; path = MsgModel.swift; sourceTree = "<group>"; };
		D190184F259DEA5D00A34979 /* ChatViewRow.swift */ = {isa = PBXFileReference; lastKnownFileType = sourcecode.swift; path = ChatViewRow.swift; sourceTree = "<group>"; };
		D1901852259DEBDF00A34979 /* NickName.swift */ = {isa = PBXFileReference; lastKnownFileType = sourcecode.swift; path = NickName.swift; sourceTree = "<group>"; };
		D1901855259DEF3A00A34979 /* ChatBubble.swift */ = {isa = PBXFileReference; lastKnownFileType = sourcecode.swift; path = ChatBubble.swift; sourceTree = "<group>"; };
/* End PBXFileReference section */

/* Begin PBXFrameworksBuildPhase section */
		D1901807259DDEC500A34979 /* Frameworks */ = {
			isa = PBXFrameworksBuildPhase;
			buildActionMask = 2147483647;
			files = (
				59EEDBD5C3774DAA7A9077C9 /* Pods_ProvaGlobalChat.framework in Frameworks */,
			);
			runOnlyForDeploymentPostprocessing = 0;
		};
/* End PBXFrameworksBuildPhase section */

/* Begin PBXGroup section */
		62F969B32131999B9219DF3E /* Pods */ = {
			isa = PBXGroup;
			children = (
				9020C94602BF9C57CF1994FB /* Pods-ProvaGlobalChat.debug.xcconfig */,
				316D8E5B9FFA1D4192A7AB27 /* Pods-ProvaGlobalChat.release.xcconfig */,
			);
			path = Pods;
			sourceTree = "<group>";
		};
		C333032335A04BDD464006DC /* Frameworks */ = {
			isa = PBXGroup;
			children = (
				078ED3297FBB468E9BFE3256 /* Pods_ProvaGlobalChat.framework */,
			);
			name = Frameworks;
			sourceTree = "<group>";
		};
		D1901801259DDEC500A34979 = {
			isa = PBXGroup;
			children = (
				D190180C259DDEC500A34979 /* ProvaGlobalChat */,
				D190180B259DDEC500A34979 /* Products */,
				62F969B32131999B9219DF3E /* Pods */,
				C333032335A04BDD464006DC /* Frameworks */,
			);
			sourceTree = "<group>";
		};
		D190180B259DDEC500A34979 /* Products */ = {
			isa = PBXGroup;
			children = (
				D190180A259DDEC500A34979 /* ProvaGlobalChat.app */,
			);
			name = Products;
			sourceTree = "<group>";
		};
		D190180C259DDEC500A34979 /* ProvaGlobalChat */ = {
			isa = PBXGroup;
			children = (
				D1901834259DE09A00A34979 /* Model */,
				D1901831259DE08E00A34979 /* View */,
				D190180D259DDEC500A34979 /* ProvaGlobalChatApp.swift */,
				D190180F259DDEC500A34979 /* ContentView.swift */,
				D1901811259DDEC700A34979 /* Assets.xcassets */,
				D190181D259DDF5200A34979 /* GoogleService-Info.plist */,
				D1901816259DDEC700A34979 /* Info.plist */,
				D1901813259DDEC700A34979 /* Preview Content */,
			);
			path = ProvaGlobalChat;
			sourceTree = "<group>";
		};
		D1901813259DDEC700A34979 /* Preview Content */ = {
			isa = PBXGroup;
			children = (
				D1901814259DDEC700A34979 /* Preview Assets.xcassets */,
			);
			path = "Preview Content";
			sourceTree = "<group>";
		};
		D1901831259DE08E00A34979 /* View */ = {
			isa = PBXGroup;
			children = (
				D1901835259DE0B000A34979 /* Home.swift */,
				D190184F259DEA5D00A34979 /* ChatViewRow.swift */,
				D1901852259DEBDF00A34979 /* NickName.swift */,
				D1901855259DEF3A00A34979 /* ChatBubble.swift */,
			);
			path = View;
			sourceTree = "<group>";
		};
		D1901834259DE09A00A34979 /* Model */ = {
			isa = PBXGroup;
			children = (
				D1901838259DE19000A34979 /* HomeModel.swift */,
				D190183B259DE1D100A34979 /* MsgModel.swift */,
			);
			path = Model;
			sourceTree = "<group>";
		};
/* End PBXGroup section */

/* Begin PBXNativeTarget section */
		D1901809259DDEC500A34979 /* ProvaGlobalChat */ = {
			isa = PBXNativeTarget;
			buildConfigurationList = D1901819259DDEC700A34979 /* Build configuration list for PBXNativeTarget "ProvaGlobalChat" */;
			buildPhases = (
				06950A5176D7B772C0E2AD33 /* [CP] Check Pods Manifest.lock */,
				D1901806259DDEC500A34979 /* Sources */,
				D1901807259DDEC500A34979 /* Frameworks */,
				D1901808259DDEC500A34979 /* Resources */,
				B59CE9F60963E494D52B92CA /* [CP] Embed Pods Frameworks */,
			);
			buildRules = (
			);
			dependencies = (
			);
			name = ProvaGlobalChat;
			productName = ProvaGlobalChat;
			productReference = D190180A259DDEC500A34979 /* ProvaGlobalChat.app */;
			productType = "com.apple.product-type.application";
		};
/* End PBXNativeTarget section */

/* Begin PBXProject section */
		D1901802259DDEC500A34979 /* Project object */ = {
			isa = PBXProject;
			attributes = {
				LastSwiftUpdateCheck = 1230;
				LastUpgradeCheck = 1230;
				TargetAttributes = {
					D1901809259DDEC500A34979 = {
						CreatedOnToolsVersion = 12.3;
					};
				};
			};
			buildConfigurationList = D1901805259DDEC500A34979 /* Build configuration list for PBXProject "ProvaGlobalChat" */;
			compatibilityVersion = "Xcode 9.3";
			developmentRegion = en;
			hasScannedForEncodings = 0;
			knownRegions = (
				en,
				Base,
			);
			mainGroup = D1901801259DDEC500A34979;
			productRefGroup = D190180B259DDEC500A34979 /* Products */;
			projectDirPath = "";
			projectRoot = "";
			targets = (
				D1901809259DDEC500A34979 /* ProvaGlobalChat */,
			);
		};
/* End PBXProject section */

/* Begin PBXResourcesBuildPhase section */
		D1901808259DDEC500A34979 /* Resources */ = {
			isa = PBXResourcesBuildPhase;
			buildActionMask = 2147483647;
			files = (
				D1901815259DDEC700A34979 /* Preview Assets.xcassets in Resources */,
				D190181E259DDF5200A34979 /* GoogleService-Info.plist in Resources */,
				D1901812259DDEC700A34979 /* Assets.xcassets in Resources */,
			);
			runOnlyForDeploymentPostprocessing = 0;
		};
/* End PBXResourcesBuildPhase section */

/* Begin PBXShellScriptBuildPhase section */
		06950A5176D7B772C0E2AD33 /* [CP] Check Pods Manifest.lock */ = {
			isa = PBXShellScriptBuildPhase;
			buildActionMask = 2147483647;
			files = (
			);
			inputFileListPaths = (
			);
			inputPaths = (
				"${PODS_PODFILE_DIR_PATH}/Podfile.lock",
				"${PODS_ROOT}/Manifest.lock",
			);
			name = "[CP] Check Pods Manifest.lock";
			outputFileListPaths = (
			);
			outputPaths = (
				"$(DERIVED_FILE_DIR)/Pods-ProvaGlobalChat-checkManifestLockResult.txt",
			);
			runOnlyForDeploymentPostprocessing = 0;
			shellPath = /bin/sh;
			shellScript = "diff \"${PODS_PODFILE_DIR_PATH}/Podfile.lock\" \"${PODS_ROOT}/Manifest.lock\" > /dev/null\nif [ $? != 0 ] ; then\n    # print error to STDERR\n    echo \"error: The sandbox is not in sync with the Podfile.lock. Run 'pod install' or update your CocoaPods installation.\" >&2\n    exit 1\nfi\n# This output is used by Xcode 'outputs' to avoid re-running this script phase.\necho \"SUCCESS\" > \"${SCRIPT_OUTPUT_FILE_0}\"\n";
			showEnvVarsInLog = 0;
		};
		B59CE9F60963E494D52B92CA /* [CP] Embed Pods Frameworks */ = {
			isa = PBXShellScriptBuildPhase;
			buildActionMask = 2147483647;
			files = (
			);
			inputFileListPaths = (
				"${PODS_ROOT}/Target Support Files/Pods-ProvaGlobalChat/Pods-ProvaGlobalChat-frameworks-${CONFIGURATION}-input-files.xcfilelist",
			);
			name = "[CP] Embed Pods Frameworks";
			outputFileListPaths = (
				"${PODS_ROOT}/Target Support Files/Pods-ProvaGlobalChat/Pods-ProvaGlobalChat-frameworks-${CONFIGURATION}-output-files.xcfilelist",
			);
			runOnlyForDeploymentPostprocessing = 0;
			shellPath = /bin/sh;
			shellScript = "\"${PODS_ROOT}/Target Support Files/Pods-ProvaGlobalChat/Pods-ProvaGlobalChat-frameworks.sh\"\n";
			showEnvVarsInLog = 0;
		};
/* End PBXShellScriptBuildPhase section */

/* Begin PBXSourcesBuildPhase section */
		D1901806259DDEC500A34979 /* Sources */ = {
			isa = PBXSourcesBuildPhase;
			buildActionMask = 2147483647;
			files = (
				D1901853259DEBDF00A34979 /* NickName.swift in Sources */,
				D1901839259DE19000A34979 /* HomeModel.swift in Sources */,
				D190183C259DE1D100A34979 /* MsgModel.swift in Sources */,
				D1901810259DDEC500A34979 /* ContentView.swift in Sources */,
				D1901836259DE0B000A34979 /* Home.swift in Sources */,
				D190180E259DDEC500A34979 /* ProvaGlobalChatApp.swift in Sources */,
				D1901850259DEA5D00A34979 /* ChatViewRow.swift in Sources */,
				D1901856259DEF3A00A34979 /* ChatBubble.swift in Sources */,
			);
			runOnlyForDeploymentPostprocessing = 0;
		};
/* End PBXSourcesBuildPhase section */

/* Begin XCBuildConfiguration section */
		D1901817259DDEC700A34979 /* Debug */ = {
			isa = XCBuildConfiguration;
			buildSettings = {
				ALWAYS_SEARCH_USER_PATHS = NO;
				CLANG_ANALYZER_NONNULL = YES;
				CLANG_ANALYZER_NUMBER_OBJECT_CONVERSION = YES_AGGRESSIVE;
				CLANG_CXX_LANGUAGE_STANDARD = "gnu++14";
				CLANG_CXX_LIBRARY = "libc++";
				CLANG_ENABLE_MODULES = YES;
				CLANG_ENABLE_OBJC_ARC = YES;
				CLANG_ENABLE_OBJC_WEAK = YES;
				CLANG_WARN_BLOCK_CAPTURE_AUTORELEASING = YES;
				CLANG_WARN_BOOL_CONVERSION = YES;
				CLANG_WARN_COMMA = YES;
				CLANG_WARN_CONSTANT_CONVERSION = YES;
				CLANG_WARN_DEPRECATED_OBJC_IMPLEMENTATIONS = YES;
				CLANG_WARN_DIRECT_OBJC_ISA_USAGE = YES_ERROR;
				CLANG_WARN_DOCUMENTATION_COMMENTS = YES;
				CLANG_WARN_EMPTY_BODY = YES;
				CLANG_WARN_ENUM_CONVERSION = YES;
				CLANG_WARN_INFINITE_RECURSION = YES;
				CLANG_WARN_INT_CONVERSION = YES;
				CLANG_WARN_NON_LITERAL_NULL_CONVERSION = YES;
				CLANG_WARN_OBJC_IMPLICIT_RETAIN_SELF = YES;
				CLANG_WARN_OBJC_LITERAL_CONVERSION = YES;
				CLANG_WARN_OBJC_ROOT_CLASS = YES_ERROR;
				CLANG_WARN_QUOTED_INCLUDE_IN_FRAMEWORK_HEADER = YES;
				CLANG_WARN_RANGE_LOOP_ANALYSIS = YES;
				CLANG_WARN_STRICT_PROTOTYPES = YES;
				CLANG_WARN_SUSPICIOUS_MOVE = YES;
				CLANG_WARN_UNGUARDED_AVAILABILITY = YES_AGGRESSIVE;
				CLANG_WARN_UNREACHABLE_CODE = YES;
				CLANG_WARN__DUPLICATE_METHOD_MATCH = YES;
				COPY_PHASE_STRIP = NO;
				DEBUG_INFORMATION_FORMAT = dwarf;
				ENABLE_STRICT_OBJC_MSGSEND = YES;
				ENABLE_TESTABILITY = YES;
				GCC_C_LANGUAGE_STANDARD = gnu11;
				GCC_DYNAMIC_NO_PIC = NO;
				GCC_NO_COMMON_BLOCKS = YES;
				GCC_OPTIMIZATION_LEVEL = 0;
				GCC_PREPROCESSOR_DEFINITIONS = (
					"DEBUG=1",
					"$(inherited)",
				);
				GCC_WARN_64_TO_32_BIT_CONVERSION = YES;
				GCC_WARN_ABOUT_RETURN_TYPE = YES_ERROR;
				GCC_WARN_UNDECLARED_SELECTOR = YES;
				GCC_WARN_UNINITIALIZED_AUTOS = YES_AGGRESSIVE;
				GCC_WARN_UNUSED_FUNCTION = YES;
				GCC_WARN_UNUSED_VARIABLE = YES;
				IPHONEOS_DEPLOYMENT_TARGET = 14.3;
				MTL_ENABLE_DEBUG_INFO = INCLUDE_SOURCE;
				MTL_FAST_MATH = YES;
				ONLY_ACTIVE_ARCH = YES;
				SDKROOT = iphoneos;
				SWIFT_ACTIVE_COMPILATION_CONDITIONS = DEBUG;
				SWIFT_OPTIMIZATION_LEVEL = "-Onone";
			};
			name = Debug;
		};
		D1901818259DDEC700A34979 /* Release */ = {
			isa = XCBuildConfiguration;
			buildSettings = {
				ALWAYS_SEARCH_USER_PATHS = NO;
				CLANG_ANALYZER_NONNULL = YES;
				CLANG_ANALYZER_NUMBER_OBJECT_CONVERSION = YES_AGGRESSIVE;
				CLANG_CXX_LANGUAGE_STANDARD = "gnu++14";
				CLANG_CXX_LIBRARY = "libc++";
				CLANG_ENABLE_MODULES = YES;
				CLANG_ENABLE_OBJC_ARC = YES;
				CLANG_ENABLE_OBJC_WEAK = YES;
				CLANG_WARN_BLOCK_CAPTURE_AUTORELEASING = YES;
				CLANG_WARN_BOOL_CONVERSION = YES;
				CLANG_WARN_COMMA = YES;
				CLANG_WARN_CONSTANT_CONVERSION = YES;
				CLANG_WARN_DEPRECATED_OBJC_IMPLEMENTATIONS = YES;
				CLANG_WARN_DIRECT_OBJC_ISA_USAGE = YES_ERROR;
				CLANG_WARN_DOCUMENTATION_COMMENTS = YES;
				CLANG_WARN_EMPTY_BODY = YES;
				CLANG_WARN_ENUM_CONVERSION = YES;
				CLANG_WARN_INFINITE_RECURSION = YES;
				CLANG_WARN_INT_CONVERSION = YES;
				CLANG_WARN_NON_LITERAL_NULL_CONVERSION = YES;
				CLANG_WARN_OBJC_IMPLICIT_RETAIN_SELF = YES;
				CLANG_WARN_OBJC_LITERAL_CONVERSION = YES;
				CLANG_WARN_OBJC_ROOT_CLASS = YES_ERROR;
				CLANG_WARN_QUOTED_INCLUDE_IN_FRAMEWORK_HEADER = YES;
				CLANG_WARN_RANGE_LOOP_ANALYSIS = YES;
				CLANG_WARN_STRICT_PROTOTYPES = YES;
				CLANG_WARN_SUSPICIOUS_MOVE = YES;
				CLANG_WARN_UNGUARDED_AVAILABILITY = YES_AGGRESSIVE;
				CLANG_WARN_UNREACHABLE_CODE = YES;
				CLANG_WARN__DUPLICATE_METHOD_MATCH = YES;
				COPY_PHASE_STRIP = NO;
				DEBUG_INFORMATION_FORMAT = "dwarf-with-dsym";
				ENABLE_NS_ASSERTIONS = NO;
				ENABLE_STRICT_OBJC_MSGSEND = YES;
				GCC_C_LANGUAGE_STANDARD = gnu11;
				GCC_NO_COMMON_BLOCKS = YES;
				GCC_WARN_64_TO_32_BIT_CONVERSION = YES;
				GCC_WARN_ABOUT_RETURN_TYPE = YES_ERROR;
				GCC_WARN_UNDECLARED_SELECTOR = YES;
				GCC_WARN_UNINITIALIZED_AUTOS = YES_AGGRESSIVE;
				GCC_WARN_UNUSED_FUNCTION = YES;
				GCC_WARN_UNUSED_VARIABLE = YES;
				IPHONEOS_DEPLOYMENT_TARGET = 14.3;
				MTL_ENABLE_DEBUG_INFO = NO;
				MTL_FAST_MATH = YES;
				SDKROOT = iphoneos;
				SWIFT_COMPILATION_MODE = wholemodule;
				SWIFT_OPTIMIZATION_LEVEL = "-O";
				VALIDATE_PRODUCT = YES;
			};
			name = Release;
		};
		D190181A259DDEC700A34979 /* Debug */ = {
			isa = XCBuildConfiguration;
			baseConfigurationReference = 9020C94602BF9C57CF1994FB /* Pods-ProvaGlobalChat.debug.xcconfig */;
			buildSettings = {
				ASSETCATALOG_COMPILER_APPICON_NAME = AppIcon;
				ASSETCATALOG_COMPILER_GLOBAL_ACCENT_COLOR_NAME = AccentColor;
				CODE_SIGN_STYLE = Automatic;
				DEVELOPMENT_ASSET_PATHS = "\"ProvaGlobalChat/Preview Content\"";
				DEVELOPMENT_TEAM = G7DSPSWXXC;
				ENABLE_PREVIEWS = YES;
				INFOPLIST_FILE = ProvaGlobalChat/Info.plist;
				IPHONEOS_DEPLOYMENT_TARGET = 14.0;
				LD_RUNPATH_SEARCH_PATHS = (
					"$(inherited)",
					"@executable_path/Frameworks",
				);
				PRODUCT_BUNDLE_IDENTIFIER = MicheleManniello.ProvaGlobalChat;
				PRODUCT_NAME = "$(TARGET_NAME)";
				SWIFT_VERSION = 5.0;
				TARGETED_DEVICE_FAMILY = "1,2";
			};
			name = Debug;
		};
		D190181B259DDEC700A34979 /* Release */ = {
			isa = XCBuildConfiguration;
			baseConfigurationReference = 316D8E5B9FFA1D4192A7AB27 /* Pods-ProvaGlobalChat.release.xcconfig */;
			buildSettings = {
				ASSETCATALOG_COMPILER_APPICON_NAME = AppIcon;
				ASSETCATALOG_COMPILER_GLOBAL_ACCENT_COLOR_NAME = AccentColor;
				CODE_SIGN_STYLE = Automatic;
				DEVELOPMENT_ASSET_PATHS = "\"ProvaGlobalChat/Preview Content\"";
				DEVELOPMENT_TEAM = G7DSPSWXXC;
				ENABLE_PREVIEWS = YES;
				INFOPLIST_FILE = ProvaGlobalChat/Info.plist;
				IPHONEOS_DEPLOYMENT_TARGET = 14.0;
				LD_RUNPATH_SEARCH_PATHS = (
					"$(inherited)",
					"@executable_path/Frameworks",
				);
				PRODUCT_BUNDLE_IDENTIFIER = MicheleManniello.ProvaGlobalChat;
				PRODUCT_NAME = "$(TARGET_NAME)";
				SWIFT_VERSION = 5.0;
				TARGETED_DEVICE_FAMILY = "1,2";
			};
			name = Release;
		};
/* End XCBuildConfiguration section */

/* Begin XCConfigurationList section */
		D1901805259DDEC500A34979 /* Build configuration list for PBXProject "ProvaGlobalChat" */ = {
			isa = XCConfigurationList;
			buildConfigurations = (
				D1901817259DDEC700A34979 /* Debug */,
				D1901818259DDEC700A34979 /* Release */,
			);
			defaultConfigurationIsVisible = 0;
			defaultConfigurationName = Release;
		};
		D1901819259DDEC700A34979 /* Build configuration list for PBXNativeTarget "ProvaGlobalChat" */ = {
			isa = XCConfigurationList;
			buildConfigurations = (
				D190181A259DDEC700A34979 /* Debug */,
				D190181B259DDEC700A34979 /* Release */,
			);
			defaultConfigurationIsVisible = 0;
			defaultConfigurationName = Release;
		};
/* End XCConfigurationList section */
	};
	rootObject = D1901802259DDEC500A34979 /* Project object */;
}
